Microsoft Visual Studio Solution File, Format Version 12.00
# Visual Studio Version 17
VisualStudioVersion = 17.5.2.0
MinimumVisualStudioVersion = 10.0.40219.1
Project("{FAE04EC0-301F-11D3-BF4B-00C04F79EFBC}") = "RichBackend", "RichBackend\RichBackend.csproj", "{EAEB9F07-F80B-B09C-7791-A46871ACE082}"
EndProject
Global
	GlobalSection(SolutionConfigurationPlatforms) = preSolution
		Debug|Any CPU = Debug|Any CPU
		Release|Any CPU = Release|Any CPU
	EndGlobalSection
	GlobalSection(ProjectConfigurationPlatforms) = postSolution
		{EAEB9F07-F80B-B09C-7791-A46871ACE082}.Debug|Any CPU.ActiveCfg = Debug|Any CPU
		{EAEB9F07-F80B-B09C-7791-A46871ACE082}.Debug|Any CPU.Build.0 = Debug|Any CPU
		{EAEB9F07-F80B-B09C-7791-A46871ACE082}.Release|Any CPU.ActiveCfg = Release|Any CPU
		{EAEB9F07-F80B-B09C-7791-A46871ACE082}.Release|Any CPU.Build.0 = Release|Any CPU
	EndGlobalSection
	GlobalSection(SolutionProperties) = preSolution
		HideSolutionNode = FALSE
	EndGlobalSection
	GlobalSection(ExtensibilityGlobals) = postSolution
		SolutionGuid = {27815A9F-4481-44C4-B3D8-35E3547969C2}
	EndGlobalSection
EndGlobal
